
Microsoft Visual Studio Solution File, Format Version 9.00
# Visual Studio 2005
Project("{325B8569-0C7C-4A6A-8AF8-89C3B6BC9E74}") = "IronRubyApplicationTest", "IronRubyApplicationTest\IronRubyApplicationTest.stproj", "{6CC4E286-E244-4747-A463-E78FC03C1E50}"
EndProject
Global
	GlobalSection(SolutionConfigurationPlatforms) = preSolution
		Debug|Any CPU = Debug|Any CPU
		Release|Any CPU = Release|Any CPU
	EndGlobalSection
	GlobalSection(ProjectConfigurationPlatforms) = postSolution
		{6CC4E286-E244-4747-A463-E78FC03C1E50}.Debug|Any CPU.ActiveCfg = Debug|Any CPU
		{6CC4E286-E244-4747-A463-E78FC03C1E50}.Debug|Any CPU.Build.0 = Debug|Any CPU
		{6CC4E286-E244-4747-A463-E78FC03C1E50}.Release|Any CPU.ActiveCfg = Release|Any CPU
		{6CC4E286-E244-4747-A463-E78FC03C1E50}.Release|Any CPU.Build.0 = Release|Any CPU
	EndGlobalSection
	GlobalSection(SolutionProperties) = preSolution
		HideSolutionNode = FALSE
	EndGlobalSection
EndGlobal
