
Microsoft Visual Studio Solution File, Format Version 9.00
# Visual Studio 2005
Project("{8BC9CEB8-8B4A-11D0-8D11-00A0C91BC942}") = "ProgrammingBeauty", "ProgrammingBeauty\ProgrammingBeauty.vcproj", "{7C36AFBC-EBD8-4276-9BE1-EB624B0A618F}"
EndProject
Global
	GlobalSection(SolutionConfigurationPlatforms) = preSolution
		Debug|Win32 = Debug|Win32
		Release|Win32 = Release|Win32
	EndGlobalSection
	GlobalSection(ProjectConfigurationPlatforms) = postSolution
		{7C36AFBC-EBD8-4276-9BE1-EB624B0A618F}.Debug|Win32.ActiveCfg = Debug|Win32
		{7C36AFBC-EBD8-4276-9BE1-EB624B0A618F}.Debug|Win32.Build.0 = Debug|Win32
		{7C36AFBC-EBD8-4276-9BE1-EB624B0A618F}.Release|Win32.ActiveCfg = Release|Win32
		{7C36AFBC-EBD8-4276-9BE1-EB624B0A618F}.Release|Win32.Build.0 = Release|Win32
	EndGlobalSection
	GlobalSection(SolutionProperties) = preSolution
		HideSolutionNode = FALSE
	EndGlobalSection
EndGlobal
